
Microsoft Visual Studio Solution File, Format Version 12.00
# Visual Studio Version 16
VisualStudioVersion = 16.0.34031.81
MinimumVisualStudioVersion = 10.0.40219.1
Project("{FAE04EC0-301F-11D3-BF4B-00C04F79EFBC}") = "CRUDwithWeb-API", "CRUDwithWeb-API.csproj", "{EA14B430-0679-4D2B-88EA-5517BE71900D}"
EndProject
Global
	GlobalSection(SolutionConfigurationPlatforms) = preSolution
		Debug|Any CPU = Debug|Any CPU
		Release|Any CPU = Release|Any CPU
	EndGlobalSection
	GlobalSection(ProjectConfigurationPlatforms) = postSolution
		{EA14B430-0679-4D2B-88EA-5517BE71900D}.Debug|Any CPU.ActiveCfg = Debug|Any CPU
		{EA14B430-0679-4D2B-88EA-5517BE71900D}.Debug|Any CPU.Build.0 = Debug|Any CPU
		{EA14B430-0679-4D2B-88EA-5517BE71900D}.Release|Any CPU.ActiveCfg = Release|Any CPU
		{EA14B430-0679-4D2B-88EA-5517BE71900D}.Release|Any CPU.Build.0 = Release|Any CPU
	EndGlobalSection
	GlobalSection(SolutionProperties) = preSolution
		HideSolutionNode = FALSE
	EndGlobalSection
	GlobalSection(ExtensibilityGlobals) = postSolution
		SolutionGuid = {FD787344-7B93-4717-AFF8-8CCE53C654D1}
	EndGlobalSection
EndGlobal
